
Microsoft Visual Studio Solution File, Format Version 12.00
# Visual Studio Version 17
VisualStudioVersion = 17.7.34018.315
MinimumVisualStudioVersion = 10.0.40219.1
Project("{FAE04EC0-301F-11D3-BF4B-00C04F79EFBC}") = "BankAccount", "BankAccount\BankAccount.csproj", "{019878CB-57B3-45EE-96FF-915FBF2D278D}"
EndProject
Global
	GlobalSection(SolutionConfigurationPlatforms) = preSolution
		Debug|Any CPU = Debug|Any CPU
		Release|Any CPU = Release|Any CPU
	EndGlobalSection
	GlobalSection(ProjectConfigurationPlatforms) = postSolution
		{019878CB-57B3-45EE-96FF-915FBF2D278D}.Debug|Any CPU.ActiveCfg = Debug|Any CPU
		{019878CB-57B3-45EE-96FF-915FBF2D278D}.Debug|Any CPU.Build.0 = Debug|Any CPU
		{019878CB-57B3-45EE-96FF-915FBF2D278D}.Release|Any CPU.ActiveCfg = Release|Any CPU
		{019878CB-57B3-45EE-96FF-915FBF2D278D}.Release|Any CPU.Build.0 = Release|Any CPU
	EndGlobalSection
	GlobalSection(SolutionProperties) = preSolution
		HideSolutionNode = FALSE
	EndGlobalSection
	GlobalSection(ExtensibilityGlobals) = postSolution
		SolutionGuid = {69F409D5-1457-4A95-854A-57BD1683CAB0}
	EndGlobalSection
EndGlobal
